github.com/gnosis93/PattayaCondoDesignHugoTheme v0.0.0-20220503192053-45112b7f5170 h1:zz9cDdmX1Su0VwVKSd5TitsBx8LV+oDYKYD39Vg49NY=
github.com/gnosis93/PattayaCondoDesignHugoTheme v0.0.0-20220503192053-45112b7f5170/go.mod h1:Uvi6EBmfh1ak15iE+heflHGd3OMyDQGWloRzDPWtPtw=
github.com/gnosis93/PattayaCondoDesignHugoTheme v0.0.0-20220503192452-985dc8793b35 h1:+boSMWMjLU7drF5vFrlsxQTYGWZL6r8/fnOgCPKghbs=
github.com/gnosis93/PattayaCondoDesignHugoTheme v0.0.0-20220503192452-985dc8793b35/go.mod h1:Uvi6EBmfh1ak15iE+heflHGd3OMyDQGWloRzDPWtPtw=
github.com/gnosis93/PattayaCondoDesignHugoTheme v0.0.0-20220503192827-8e15cc334e24 h1:rmWs8N9jpwC82hYxgISNuE7lqX9+rMOfIA03+6o4Tzs=
github.com/gnosis93/PattayaCondoDesignHugoTheme v0.0.0-20220503192827-8e15cc334e24/go.mod h1:Uvi6EBmfh1ak15iE+heflHGd3OMyDQGWloRzDPWtPtw=
github.com/gnosis93/PattayaCondoDesignHugoTheme v0.0.0-20220503193835-4db5920460f6 h1:tU84t2KTSl/GnztuUZb+Bhbsz269AzKE2ArK04OIdGQ=
github.com/gnosis93/PattayaCondoDesignHugoTheme v0.0.0-20220503193835-4db5920460f6/go.mod h1:Uvi6EBmfh1ak15iE+heflHGd3OMyDQGWloRzDPWtPtw=
github.com/gnosis93/PattayaCondoDesignHugoTheme v0.0.0-20220503194002-1dd9554f5e3b h1:2jtOHfHxjfPxgAGbpElbPQILJmWe6dcxtXmTeEXrg7I=
github.com/gnosis93/PattayaCondoDesignHugoTheme v0.0.0-20220503194002-1dd9554f5e3b/go.mod h1:Uvi6EBmfh1ak15iE+heflHGd3OMyDQGWloRzDPWtPtw=
github.com/gnosis93/PattayaCondoDesignHugoTheme v0.0.0-20220503194037-cf8cce88a90f h1:ASyKfWg5IJMAxifKh2PpbFT7TLWTrA34X4XUhAwC1Nk=
github.com/gnosis93/PattayaCondoDesignHugoTheme v0.0.0-20220503194037-cf8cce88a90f/go.mod h1:Uvi6EBmfh1ak15iE+heflHGd3OMyDQGWloRzDPWtPtw=
github.com/gnosis93/PattayaCondoDesignHugoTheme v0.0.0-20220503194220-68eced32da92 h1:zegx4I/Vf5094ArM1qvpccCvepyU/i4Qn/3R6BmwKu4=
github.com/gnosis93/PattayaCondoDesignHugoTheme v0.0.0-20220503194220-68eced32da92/go.mod h1:Uvi6EBmfh1ak15iE+heflHGd3OMyDQGWloRzDPWtPtw=
github.com/gnosis93/PattayaCondoDesignHugoTheme v0.0.0-20220504183145-5d7987e3eceb h1:mMxp9nSWYdH2afC9YUnzGQioEDSX1I4WwFBA/ebi8WE=
github.com/gnosis93/PattayaCondoDesignHugoTheme v0.0.0-20220504183145-5d7987e3eceb/go.mod h1:Uvi6EBmfh1ak15iE+heflHGd3OMyDQGWloRzDPWtPtw=
github.com/gnosis93/PattayaCondoDesignHugoTheme v0.0.0-20220505141628-4282e3feba69 h1:GrzbSTqaA9C91+MD5MMzZ1YGNv+kSzzGvd02hKBTDrE=
github.com/gnosis93/PattayaCondoDesignHugoTheme v0.0.0-20220505141628-4282e3feba69/go.mod h1:Uvi6EBmfh1ak15iE+heflHGd3OMyDQGWloRzDPWtPtw=
github.com/gnosis93/PattayaCondoDesignHugoTheme v0.0.0-20220505143053-affac0920a93 h1:iMGucSd0kZlZo70HFF8dE8DRzjRhOZgqxJlkdNAi3K0=
github.com/gnosis93/PattayaCondoDesignHugoTheme v0.0.0-20220505143053-affac0920a93/go.mod h1:Uvi6EBmfh1ak15iE+heflHGd3OMyDQGWloRzDPWtPtw=
github.com/gnosis93/PattayaCondoDesignHugoTheme v0.0.0-20220505144115-9e1ac2c93b23 h1:m7TigYmnjQXy7AWRkSOeIBDSsXzndw2FbKIC69nI9jw=
github.com/gnosis93/PattayaCondoDesignHugoTheme v0.0.0-20220505144115-9e1ac2c93b23/go.mod h1:Uvi6EBmfh1ak15iE+heflHGd3OMyDQGWloRzDPWtPtw=
github.com/gnosis93/PattayaCondoDesignHugoTheme v0.0.0-20220505144524-fc4d6c1c19f7 h1:uMqRSHHrwYFs1a/kB8aUVMaRpUFnXSVqKcyQoJ+u2EE=
github.com/gnosis93/PattayaCondoDesignHugoTheme v0.0.0-20220505144524-fc4d6c1c19f7/go.mod h1:Uvi6EBmfh1ak15iE+heflHGd3OMyDQGWloRzDPWtPtw=
github.com/gnosis93/PattayaCondoDesignHugoTheme v0.0.0-20220505144830-370ffaf65d57 h1:/sa3Z3wSlQNo2Q3XllsVKm1PQAYcdVnB4iCdvlu3WI4=
github.com/gnosis93/PattayaCondoDesignHugoTheme v0.0.0-20220505144830-370ffaf65d57/go.mod h1:Uvi6EBmfh1ak15iE+heflHGd3OMyDQGWloRzDPWtPtw=
github.com/gnosis93/PattayaCondoDesignHugoTheme v0.0.0-20220505150304-3b576d8985dd h1:H5eDreeqkpGIYY7SDKV1Sp343/+ICCsoDH2HQhEjQFI=
github.com/gnosis93/PattayaCondoDesignHugoTheme v0.0.0-20220505150304-3b576d8985dd/go.mod h1:Uvi6EBmfh1ak15iE+heflHGd3OMyDQGWloRzDPWtPtw=
github.com/gnosis93/PattayaCondoDesignHugoTheme v0.0.0-20220505153135-0cb49f68bb9c h1:fR9EIBfHNT1D8LUx5e5kVhOjmk01hmc+hL7yYr8e7HI=
github.com/gnosis93/PattayaCondoDesignHugoTheme v0.0.0-20220505153135-0cb49f68bb9c/go.mod h1:Uvi6EBmfh1ak15iE+heflHGd3OMyDQGWloRzDPWtPtw=
github.com/gnosis93/PattayaCondoDesignHugoTheme v0.0.0-20220505153424-7004e128971d h1:5IBrw3IQBEvbytx7G164ldtk6ZQdMCXAQoBBZ6lmC+Q=
github.com/gnosis93/PattayaCondoDesignHugoTheme v0.0.0-20220505153424-7004e128971d/go.mod h1:Uvi6EBmfh1ak15iE+heflHGd3OMyDQGWloRzDPWtPtw=
github.com/gnosis93/PattayaCondoDesignHugoTheme v0.0.0-20220505154609-e0f500647a7d h1:ujElm4yU02QPICWRW1vLyzYpE23XAHlgzE9JfyIA5xs=
github.com/gnosis93/PattayaCondoDesignHugoTheme v0.0.0-20220505154609-e0f500647a7d/go.mod h1:Uvi6EBmfh1ak15iE+heflHGd3OMyDQGWloRzDPWtPtw=
github.com/gnosis93/PattayaCondoDesignHugoTheme v0.0.0-20220505155033-2cdce7c7c245 h1:8emeeA1ok/xOeVKiaWsj/74rjQLI64Kb4igoekVG75E=
github.com/gnosis93/PattayaCondoDesignHugoTheme v0.0.0-20220505155033-2cdce7c7c245/go.mod h1:Uvi6EBmfh1ak15iE+heflHGd3OMyDQGWloRzDPWtPtw=
github.com/gnosis93/PattayaCondoDesignHugoTheme v0.0.0-20220505162009-005ed992c401 h1:ErY695+weedV4iXf6zau6T2U7sLcNyJCCJVFzsKxJ6M=
github.com/gnosis93/PattayaCondoDesignHugoTheme v0.0.0-20220505162009-005ed992c401/go.mod h1:Uvi6EBmfh1ak15iE+heflHGd3OMyDQGWloRzDPWtPtw=
github.com/gnosis93/PattayaCondoDesignHugoTheme v0.0.0-20220505162148-c4585bf70923 h1:yq9OEkuOvZDlzAWO2PZOXs974TnbcBjKk7VQTJSGM1M=
github.com/gnosis93/PattayaCondoDesignHugoTheme v0.0.0-20220505162148-c4585bf70923/go.mod h1:Uvi6EBmfh1ak15iE+heflHGd3OMyDQGWloRzDPWtPtw=
github.com/gnosis93/PattayaCondoDesignHugoTheme v0.0.0-20220505162535-dd7361391184 h1:jlhUFCBrLXY9k77mtziO9Pl2vTrnYfbdDzaAtn0mghQ=
github.com/gnosis93/PattayaCondoDesignHugoTheme v0.0.0-20220505162535-dd7361391184/go.mod h1:Uvi6EBmfh1ak15iE+heflHGd3OMyDQGWloRzDPWtPtw=
github.com/gnosis93/PattayaCondoDesignHugoTheme v0.0.0-20220505164147-aa2cf8423fc1 h1:qpW/gZGaVgpiIEhvDRGVwIjH9QvVu0kQjszHoQC0u9w=
github.com/gnosis93/PattayaCondoDesignHugoTheme v0.0.0-20220505164147-aa2cf8423fc1/go.mod h1:Uvi6EBmfh1ak15iE+heflHGd3OMyDQGWloRzDPWtPtw=
github.com/gnosis93/PattayaCondoDesignHugoTheme v0.0.0-20220505170206-61e1783e4e31 h1:xlXz3RG88/Q9lWsoToAFBOowjmj2TKX5OVgkzQyEuUs=
github.com/gnosis93/PattayaCondoDesignHugoTheme v0.0.0-20220505170206-61e1783e4e31/go.mod h1:Uvi6EBmfh1ak15iE+heflHGd3OMyDQGWloRzDPWtPtw=
github.com/gnosis93/PattayaCondoDesignHugoTheme v0.0.0-20220505170529-a7b8ea212388 h1:KaGmeTJmM9p+5xnuIYZP1beblpiUDf6Ildm2lV+kieo=
github.com/gnosis93/PattayaCondoDesignHugoTheme v0.0.0-20220505170529-a7b8ea212388/go.mod h1:Uvi6EBmfh1ak15iE+heflHGd3OMyDQGWloRzDPWtPtw=
github.com/gnosis93/PattayaCondoDesignHugoTheme v0.0.0-20220505171054-88e64a2eaedf h1:51EWAbJnIuBS1Y99H1XkDaNGeokA1VF0uAa1m2dByw0=
github.com/gnosis93/PattayaCondoDesignHugoTheme v0.0.0-20220505171054-88e64a2eaedf/go.mod h1:Uvi6EBmfh1ak15iE+heflHGd3OMyDQGWloRzDPWtPtw=
github.com/gnosis93/PattayaCondoDesignHugoTheme v0.0.0-20220507144256-9cc2dbcf1213 h1:JIHzjpQRcRUo/dJoA+4dW0ZmMpyRy+69yHHUyGS4Nrc=
github.com/gnosis93/PattayaCondoDesignHugoTheme v0.0.0-20220507144256-9cc2dbcf1213/go.mod h1:Uvi6EBmfh1ak15iE+heflHGd3OMyDQGWloRzDPWtPtw=
github.com/gnosis93/PattayaCondoDesignHugoTheme v0.0.0-20220507152601-151845b3dfa9 h1:yj4fvircQVZ8TTCHWz5Ut/1VEG5jROaNtkqlMGAKi2Q=
github.com/gnosis93/PattayaCondoDesignHugoTheme v0.0.0-20220507152601-151845b3dfa9/go.mod h1:Uvi6EBmfh1ak15iE+heflHGd3OMyDQGWloRzDPWtPtw=
github.com/gnosis93/PattayaCondoDesignHugoTheme v0.0.0-20220507153031-4c6d1e49f61c h1:03JlgT8tn0X9umeZrvwLDhwNmqZedeG43KFMaMTXA40=
github.com/gnosis93/PattayaCondoDesignHugoTheme v0.0.0-20220507153031-4c6d1e49f61c/go.mod h1:Uvi6EBmfh1ak15iE+heflHGd3OMyDQGWloRzDPWtPtw=
github.com/gnosis93/PattayaCondoDesignHugoTheme v0.0.0-20220508073700-871dab998bf9 h1:QzVq0lVPIxAreWio2Jmb8QKevcJCASawedAde4O79RA=
github.com/gnosis93/PattayaCondoDesignHugoTheme v0.0.0-20220508073700-871dab998bf9/go.mod h1:Uvi6EBmfh1ak15iE+heflHGd3OMyDQGWloRzDPWtPtw=
github.com/gnosis93/PattayaCondoDesignHugoTheme v0.0.0-20220508074352-8fbeca958152 h1:ElDX9n5ongyXnF+uRYHSFIa7Hi/1eXLF8zb9HXzRACI=
github.com/gnosis93/PattayaCondoDesignHugoTheme v0.0.0-20220508074352-8fbeca958152/go.mod h1:Uvi6EBmfh1ak15iE+heflHGd3OMyDQGWloRzDPWtPtw=
github.com/gnosis93/PattayaCondoDesignHugoTheme v0.0.0-20220508075635-b06a483e9126 h1:0VzzCjnvefq1KA6/a3DoG9uoTq62NvbrabGyW0yzDow=
github.com/gnosis93/PattayaCondoDesignHugoTheme v0.0.0-20220508075635-b06a483e9126/go.mod h1:Uvi6EBmfh1ak15iE+heflHGd3OMyDQGWloRzDPWtPtw=
github.com/gnosis93/PattayaCondoDesignHugoTheme v0.0.0-20220508080541-d723f2c3ad62 h1:bVW+Wm1CLyWNn+8ItyJ2oaM/R/LPpFLRXS1rE+28W9g=
github.com/gnosis93/PattayaCondoDesignHugoTheme v0.0.0-20220508080541-d723f2c3ad62/go.mod h1:Uvi6EBmfh1ak15iE+heflHGd3OMyDQGWloRzDPWtPtw=
github.com/gnosis93/PattayaCondoDesignHugoTheme v0.0.0-20220508082931-fd6091cbea45 h1:D8vd/Pcx/7rH3yO4y4nAH09Wvef82zLCEnBQpcleCUw=
github.com/gnosis93/PattayaCondoDesignHugoTheme v0.0.0-20220508082931-fd6091cbea45/go.mod h1:Uvi6EBmfh1ak15iE+heflHGd3OMyDQGWloRzDPWtPtw=
github.com/gnosis93/PattayaCondoDesignHugoTheme v0.0.0-20220508083158-498f7fd1c6b0 h1:RBlToLGfCX3YRd2MFvLaj6odN5p42xvrp91beRAXwAk=
github.com/gnosis93/PattayaCondoDesignHugoTheme v0.0.0-20220508083158-498f7fd1c6b0/go.mod h1:Uvi6EBmfh1ak15iE+heflHGd3OMyDQGWloRzDPWtPtw=
github.com/gnosis93/PattayaCondoDesignHugoTheme v0.0.0-20220508083403-6a50ad039927 h1:AokGnhJAol5JKUwVv6pWvKorj07pxxLJPzMNlZU+EPA=
github.com/gnosis93/PattayaCondoDesignHugoTheme v0.0.0-20220508083403-6a50ad039927/go.mod h1:Uvi6EBmfh1ak15iE+heflHGd3OMyDQGWloRzDPWtPtw=
github.com/gnosis93/PattayaCondoDesignHugoTheme v0.0.0-20220508084206-bcbd6f0fb04b h1:k5cI1e90l76WCkb/+AUh4p67my63PQH3oXQgeGMr/+g=
github.com/gnosis93/PattayaCondoDesignHugoTheme v0.0.0-20220508084206-bcbd6f0fb04b/go.mod h1:Uvi6EBmfh1ak15iE+heflHGd3OMyDQGWloRzDPWtPtw=
github.com/gnosis93/PattayaCondoDesignHugoTheme v0.0.0-20220508085513-68686304d375 h1:GzTarnNDbxhM0JovWtcgFN5nnBU3ze7qvm2+GAhyPzM=
github.com/gnosis93/PattayaCondoDesignHugoTheme v0.0.0-20220508085513-68686304d375/go.mod h1:Uvi6EBmfh1ak15iE+heflHGd3OMyDQGWloRzDPWtPtw=
github.com/gnosis93/PattayaCondoDesignHugoTheme v0.0.0-20220508090753-5ebc235b0633 h1:jlornRWQJvMxdrHh/r+l1/oblU3ruEwj04JupwvU7T4=
github.com/gnosis93/PattayaCondoDesignHugoTheme v0.0.0-20220508090753-5ebc235b0633/go.mod h1:Uvi6EBmfh1ak15iE+heflHGd3OMyDQGWloRzDPWtPtw=
github.com/gnosis93/PattayaCondoDesignHugoTheme v0.0.0-20220508093549-d28f43963c64 h1:e3FBd4jI1pleY9I288RWJCoyHaPRQt3ejOZF4bCqKx0=
github.com/gnosis93/PattayaCondoDesignHugoTheme v0.0.0-20220508093549-d28f43963c64/go.mod h1:Uvi6EBmfh1ak15iE+heflHGd3OMyDQGWloRzDPWtPtw=
github.com/gnosis93/PattayaCondoDesignHugoTheme v0.0.0-20220508094148-e0c5fe731fa2 h1:0zwAWdtY9yzrXMpo6GlUkXQRRkqqgMG6e7yMRgKa5Vw=
github.com/gnosis93/PattayaCondoDesignHugoTheme v0.0.0-20220508094148-e0c5fe731fa2/go.mod h1:Uvi6EBmfh1ak15iE+heflHGd3OMyDQGWloRzDPWtPtw=
github.com/gnosis93/PattayaCondoDesignHugoTheme v0.0.0-20220508122921-a3449ba0f892 h1:XFgyDqt5umLacgflqg1EykYgJ9unYtANyZGqnmbVzY4=
github.com/gnosis93/PattayaCondoDesignHugoTheme v0.0.0-20220508122921-a3449ba0f892/go.mod h1:Uvi6EBmfh1ak15iE+heflHGd3OMyDQGWloRzDPWtPtw=
github.com/gnosis93/PattayaCondoDesignHugoTheme v0.0.0-20220508123819-e5e420a92e77 h1:8zyIp00NgSPuhg/aL5HK5gmJhXm67dnZDLL8pZvs6S0=
github.com/gnosis93/PattayaCondoDesignHugoTheme v0.0.0-20220508123819-e5e420a92e77/go.mod h1:Uvi6EBmfh1ak15iE+heflHGd3OMyDQGWloRzDPWtPtw=
github.com/gnosis93/PattayaCondoDesignHugoTheme v0.0.0-20220508124123-b81c584d06fc h1:IeX6+w3EZnVbiWeMczwOLNeS7VW2nU2Yi177Xng+Szc=
github.com/gnosis93/PattayaCondoDesignHugoTheme v0.0.0-20220508124123-b81c584d06fc/go.mod h1:Uvi6EBmfh1ak15iE+heflHGd3OMyDQGWloRzDPWtPtw=
github.com/gnosis93/PattayaCondoDesignHugoTheme v0.0.0-20220508125630-0c88d432934b h1:GR3XbB3cV0sp/tCAGvpj5DpRC8h1FJgfS15OzPpltxA=
github.com/gnosis93/PattayaCondoDesignHugoTheme v0.0.0-20220508125630-0c88d432934b/go.mod h1:Uvi6EBmfh1ak15iE+heflHGd3OMyDQGWloRzDPWtPtw=
github.com/gnosis93/PattayaCondoDesignHugoTheme v0.0.0-20220508131032-cbbbc1a286ff h1:BpBsWRa+0FOr42HmMC4GE6U1YyfATuNdovsezZwpgNQ=
github.com/gnosis93/PattayaCondoDesignHugoTheme v0.0.0-20220508131032-cbbbc1a286ff/go.mod h1:Uvi6EBmfh1ak15iE+heflHGd3OMyDQGWloRzDPWtPtw=
github.com/gnosis93/PattayaCondoDesignHugoTheme v0.0.0-20220508131419-62b8edfb4086 h1:IMi9L1RTEk1WhSp465Ei+sB79mKWj93/ib8kYYm/pg8=
github.com/gnosis93/PattayaCondoDesignHugoTheme v0.0.0-20220508131419-62b8edfb4086/go.mod h1:Uvi6EBmfh1ak15iE+heflHGd3OMyDQGWloRzDPWtPtw=
github.com/gnosis93/PattayaCondoDesignHugoTheme v0.0.0-20220508135435-cd6df2f91da9 h1:izhQn4AiWpoCWmJXsAgJQ+ibf8P2qxG2c02V7G7th1U=
github.com/gnosis93/PattayaCondoDesignHugoTheme v0.0.0-20220508135435-cd6df2f91da9/go.mod h1:Uvi6EBmfh1ak15iE+heflHGd3OMyDQGWloRzDPWtPtw=
github.com/gnosis93/PattayaCondoDesignHugoTheme v0.0.0-20220508140808-e694be0b0e47 h1:heHsv0rGR/1n/38Fai9gBdryHyjkaRvuOzjIz9ySpCU=
github.com/gnosis93/PattayaCondoDesignHugoTheme v0.0.0-20220508140808-e694be0b0e47/go.mod h1:Uvi6EBmfh1ak15iE+heflHGd3OMyDQGWloRzDPWtPtw=
github.com/gnosis93/PattayaCondoDesignHugoTheme v0.0.0-20220508141029-4df2db390c18 h1:HmtwUw9R1IjSXhRUVSHwEwBUsqmkKerPc07yj/DZks0=
github.com/gnosis93/PattayaCondoDesignHugoTheme v0.0.0-20220508141029-4df2db390c18/go.mod h1:Uvi6EBmfh1ak15iE+heflHGd3OMyDQGWloRzDPWtPtw=
github.com/gnosis93/PattayaCondoDesignHugoTheme v0.0.0-20220508193213-e2d6e9d133c7 h1:zHELSC5lOfw2Q8mNoOfEdjd3wBNwkK2PiD+wLYeUX54=
github.com/gnosis93/PattayaCondoDesignHugoTheme v0.0.0-20220508193213-e2d6e9d133c7/go.mod h1:Uvi6EBmfh1ak15iE+heflHGd3OMyDQGWloRzDPWtPtw=
github.com/spf13/hyde v1.1.0 h1:ZKOakmybNrsaUQCZsf/XwwGIp6NHjUuU3klBgVuoees=
github.com/spf13/hyde v1.1.0/go.mod h1:CSmLWCbXXInaA5zAkwAQ0EbwpR7Pe74eSmDxdGspoCY=
github.com/theNewDynamic/gohugo-theme-ananke v0.0.0-20220421182344-c49009b823de h1:GFOZLfcGsunzwxK9UPAlWyPE1WwQPF/7KLbUyOv27us=
github.com/theNewDynamic/gohugo-theme-ananke v0.0.0-20220421182344-c49009b823de/go.mod h1:yY14BLqqh5G61rO81YcJKMHY1rClY5iIiUK+K2JKSUM=
